<?xml version="1.0" encoding="utf-8"?>
<Project ToolsVersion="4.0" xmlns="http://schemas.microsoft.com/developer/msbuild/2003">
  <ItemGroup>
    <Filter Include="Component">
      <UniqueIdentifier>{f14d64aa-12ad-4350-be7b-d6ae2aff1768}</UniqueIdentifier>
    </Filter>
    <Filter Include="Component\Manager">
      <UniqueIdentifier>{e72caf82-79a5-49c1-9fbd-e513d7af2489}</UniqueIdentifier>
    </Filter>
    <Filter Include="Component\Storage">
      <UniqueIdentifier>{89949559-289a-4e26-b15f-5df2da5acadf}</UniqueIdentifier>
    </Filter>
    <Filter Include="Component\Example">
      <UniqueIdentifier>{5c89bfec-2da8-49e7-af59-2445157e518f}</UniqueIdentifier>
    </Filter>
    <Filter Include="Entity">
      <UniqueIdentifier>{9d85fe3a-f648-429f-a4ff-3d952d994710}</UniqueIdentifier>
    </Filter>
    <Filter Include="Entity\Manager">
      <UniqueIdentifier>{d075af6c-061f-4368-8a54-177115cb11a4}</UniqueIdentifier>
    </Filter>
  </ItemGroup>
  <ItemGroup>
    <ClCompile Include="Entity.cpp">
      <Filter>Entity</Filter>
    </ClCompile>
    <ClCompile Include="ComponentManager.cpp">
      <Filter>Component\Manager</Filter>
    </ClCompile>
    <ClCompile Include="EntityManager.cpp">
      <Filter>Entity\Manager</Filter>
    </ClCompile>
    <ClCompile Include="ComponentPool.cpp">
      <Filter>Component\Storage</Filter>
    </ClCompile>
    <ClCompile Include="AbstractComponent.cpp">
      <Filter>Component</Filter>
    </ClCompile>
    <ClCompile Include="AbstractComponentPool.cpp" />
    <ClCompile Include="Engine.cpp" />
  </ItemGroup>
  <ItemGroup>
    <ClInclude Include="Entity.h">
      <Filter>Entity</Filter>
    </ClInclude>
    <ClInclude Include="AbstractComponent.h">
      <Filter>Component</Filter>
    </ClInclude>
    <ClInclude Include="ComponentManager.h">
      <Filter>Component\Manager</Filter>
    </ClInclude>
    <ClInclude Include="FooComponent.h">
      <Filter>Component\Example</Filter>
    </ClInclude>
    <ClInclude Include="EntityManager.h">
      <Filter>Entity\Manager</Filter>
    </ClInclude>
    <ClInclude Include="AbstractComponentPool.h">
      <Filter>Component\Storage</Filter>
    </ClInclude>
    <ClInclude Include="ComponentPool.h">
      <Filter>Component\Storage</Filter>
    </ClInclude>
    <ClInclude Include="Engine.h" />
    <ClInclude Include="Component.h">
      <Filter>Component</Filter>
    </ClInclude>
  </ItemGroup>
</Project>